
Microsoft Visual Studio Solution File, Format Version 12.00
# Visual Studio Version 17
VisualStudioVersion = 17.11.35327.3
MinimumVisualStudioVersion = 10.0.40219.1
Project("{FAE04EC0-301F-11D3-BF4B-00C04F79EFBC}") = "AddAnimeComment", "AddAnimeComment.csproj", "{53A449D2-EF63-434C-ABE4-6741DCDEA946}"
EndProject
Global
	GlobalSection(SolutionConfigurationPlatforms) = preSolution
		Debug|Any CPU = Debug|Any CPU
		Release|Any CPU = Release|Any CPU
	EndGlobalSection
	GlobalSection(ProjectConfigurationPlatforms) = postSolution
		{53A449D2-EF63-434C-ABE4-6741DCDEA946}.Debug|Any CPU.ActiveCfg = Debug|Any CPU
		{53A449D2-EF63-434C-ABE4-6741DCDEA946}.Debug|Any CPU.Build.0 = Debug|Any CPU
		{53A449D2-EF63-434C-ABE4-6741DCDEA946}.Release|Any CPU.ActiveCfg = Release|Any CPU
		{53A449D2-EF63-434C-ABE4-6741DCDEA946}.Release|Any CPU.Build.0 = Release|Any CPU
	EndGlobalSection
	GlobalSection(SolutionProperties) = preSolution
		HideSolutionNode = FALSE
	EndGlobalSection
	GlobalSection(ExtensibilityGlobals) = postSolution
		SolutionGuid = {698A7134-21BD-48C2-88D0-7477C12B5D69}
	EndGlobalSection
EndGlobal
